
Microsoft Visual Studio Solution File, Format Version 12.00
# Visual Studio Version 17
VisualStudioVersion = 17.9.34701.34
MinimumVisualStudioVersion = 10.0.40219.1
Project("{FAE04EC0-301F-11D3-BF4B-00C04F79EFBC}") = "RFID_web", "RFID_web\RFID_web.csproj", "{953DA2A8-D73F-49B0-8313-A1BD93A3A1F6}"
EndProject
Global
	GlobalSection(SolutionConfigurationPlatforms) = preSolution
		Debug|Any CPU = Debug|Any CPU
		Release|Any CPU = Release|Any CPU
	EndGlobalSection
	GlobalSection(ProjectConfigurationPlatforms) = postSolution
		{953DA2A8-D73F-49B0-8313-A1BD93A3A1F6}.Debug|Any CPU.ActiveCfg = Debug|Any CPU
		{953DA2A8-D73F-49B0-8313-A1BD93A3A1F6}.Debug|Any CPU.Build.0 = Debug|Any CPU
		{953DA2A8-D73F-49B0-8313-A1BD93A3A1F6}.Release|Any CPU.ActiveCfg = Release|Any CPU
		{953DA2A8-D73F-49B0-8313-A1BD93A3A1F6}.Release|Any CPU.Build.0 = Release|Any CPU
	EndGlobalSection
	GlobalSection(SolutionProperties) = preSolution
		HideSolutionNode = FALSE
	EndGlobalSection
	GlobalSection(ExtensibilityGlobals) = postSolution
		SolutionGuid = {939D51F3-1E18-460D-B485-D4F5CAF32647}
	EndGlobalSection
EndGlobal
